
Microsoft Visual Studio Solution File, Format Version 12.00
# Visual Studio Version 16
VisualStudioVersion = 16.0.31410.357
MinimumVisualStudioVersion = 10.0.40219.1
Project("{8BC9CEB8-8B4A-11D0-8D11-00A0C91BC942}") = "ALL_BUILD", "client\vs2019\ALL_BUILD.vcxproj", "{D867F9B6-59F7-3022-86CB-6E814370843C}"
EndProject
Project("{2150E333-8FDC-42A3-9474-1A3956D46DE8}") = "cl_dll", "cl_dll", "{A2AF4803-6FF9-4040-9E99-7FB6378327FC}"
EndProject
Project("{8BC9CEB8-8B4A-11D0-8D11-00A0C91BC942}") = "client", "client\vs2019\client.vcxproj", "{C562858A-8D77-30E9-B8BB-4F52C66B1261}"
EndProject
Project("{8BC9CEB8-8B4A-11D0-8D11-00A0C91BC942}") = "INSTALL", "client\vs2019\INSTALL.vcxproj", "{12603FB6-4A49-323F-9F51-457324DA1622}"
EndProject
Project("{8BC9CEB8-8B4A-11D0-8D11-00A0C91BC942}") = "ZERO_CHECK", "client\vs2019\ZERO_CHECK.vcxproj", "{3A4BE650-2BDC-3AA0-A704-20046870BA43}"
EndProject
Project("{2150E333-8FDC-42A3-9474-1A3956D46DE8}") = "dll", "dll", "{6954591E-EAFC-4264-B830-5D04FD1A943C}"
EndProject
Project("{8BC9CEB8-8B4A-11D0-8D11-00A0C91BC942}") = "auradll", "server\projects\vs2019\agdll.vcxproj", "{69DDADC0-97F4-419E-86EB-C91781A0D2E0}"
EndProject
Project("{8BC9CEB8-8B4A-11D0-8D11-00A0C91BC942}") = "discord-rpc", "client\vs2019\external\discord-rpc\src\discord-rpc.vcxproj", "{00844D78-4019-306A-B337-D6F6707ADF4B}"
EndProject
Global
	GlobalSection(SolutionConfigurationPlatforms) = preSolution
		Debug|Win32 = Debug|Win32
		Debug|x64 = Debug|x64
		Debug|x86 = Debug|x86
		MinSizeRel|Win32 = MinSizeRel|Win32
		MinSizeRel|x64 = MinSizeRel|x64
		MinSizeRel|x86 = MinSizeRel|x86
		Release|Win32 = Release|Win32
		Release|x64 = Release|x64
		Release|x86 = Release|x86
		RelWithDebInfo|Win32 = RelWithDebInfo|Win32
		RelWithDebInfo|x64 = RelWithDebInfo|x64
		RelWithDebInfo|x86 = RelWithDebInfo|x86
	EndGlobalSection
	GlobalSection(ProjectConfigurationPlatforms) = postSolution
		{D867F9B6-59F7-3022-86CB-6E814370843C}.Debug|Win32.ActiveCfg = Debug|x64
		{D867F9B6-59F7-3022-86CB-6E814370843C}.Debug|x64.ActiveCfg = Debug|x64
		{D867F9B6-59F7-3022-86CB-6E814370843C}.Debug|x64.Build.0 = Debug|x64
		{D867F9B6-59F7-3022-86CB-6E814370843C}.Debug|x86.ActiveCfg = Debug|x64
		{D867F9B6-59F7-3022-86CB-6E814370843C}.MinSizeRel|Win32.ActiveCfg = MinSizeRel|x64
		{D867F9B6-59F7-3022-86CB-6E814370843C}.MinSizeRel|x64.ActiveCfg = MinSizeRel|x64
		{D867F9B6-59F7-3022-86CB-6E814370843C}.MinSizeRel|x64.Build.0 = MinSizeRel|x64
		{D867F9B6-59F7-3022-86CB-6E814370843C}.MinSizeRel|x86.ActiveCfg = MinSizeRel|x64
		{D867F9B6-59F7-3022-86CB-6E814370843C}.Release|Win32.ActiveCfg = Release|x64
		{D867F9B6-59F7-3022-86CB-6E814370843C}.Release|x64.ActiveCfg = Release|x64
		{D867F9B6-59F7-3022-86CB-6E814370843C}.Release|x64.Build.0 = Release|x64
		{D867F9B6-59F7-3022-86CB-6E814370843C}.Release|x86.ActiveCfg = Release|x64
		{D867F9B6-59F7-3022-86CB-6E814370843C}.RelWithDebInfo|Win32.ActiveCfg = RelWithDebInfo|x64
		{D867F9B6-59F7-3022-86CB-6E814370843C}.RelWithDebInfo|x64.ActiveCfg = RelWithDebInfo|x64
		{D867F9B6-59F7-3022-86CB-6E814370843C}.RelWithDebInfo|x64.Build.0 = RelWithDebInfo|x64
		{D867F9B6-59F7-3022-86CB-6E814370843C}.RelWithDebInfo|x86.ActiveCfg = RelWithDebInfo|x64
		{C562858A-8D77-30E9-B8BB-4F52C66B1261}.Debug|Win32.ActiveCfg = Debug|Win32
		{C562858A-8D77-30E9-B8BB-4F52C66B1261}.Debug|Win32.Build.0 = Debug|Win32
		{C562858A-8D77-30E9-B8BB-4F52C66B1261}.Debug|x64.ActiveCfg = Debug|x64
		{C562858A-8D77-30E9-B8BB-4F52C66B1261}.Debug|x64.Build.0 = Debug|x64
		{C562858A-8D77-30E9-B8BB-4F52C66B1261}.Debug|x86.ActiveCfg = Release|x64
		{C562858A-8D77-30E9-B8BB-4F52C66B1261}.MinSizeRel|Win32.ActiveCfg = MinSizeRel|Win32
		{C562858A-8D77-30E9-B8BB-4F52C66B1261}.MinSizeRel|Win32.Build.0 = MinSizeRel|Win32
		{C562858A-8D77-30E9-B8BB-4F52C66B1261}.MinSizeRel|x64.ActiveCfg = MinSizeRel|x64
		{C562858A-8D77-30E9-B8BB-4F52C66B1261}.MinSizeRel|x64.Build.0 = MinSizeRel|x64
		{C562858A-8D77-30E9-B8BB-4F52C66B1261}.MinSizeRel|x86.ActiveCfg = MinSizeRel|x64
		{C562858A-8D77-30E9-B8BB-4F52C66B1261}.Release|Win32.ActiveCfg = Release|Win32
		{C562858A-8D77-30E9-B8BB-4F52C66B1261}.Release|Win32.Build.0 = Release|Win32
		{C562858A-8D77-30E9-B8BB-4F52C66B1261}.Release|x64.ActiveCfg = Release|x64
		{C562858A-8D77-30E9-B8BB-4F52C66B1261}.Release|x64.Build.0 = Release|x64
		{C562858A-8D77-30E9-B8BB-4F52C66B1261}.Release|x86.ActiveCfg = Release|x64
		{C562858A-8D77-30E9-B8BB-4F52C66B1261}.RelWithDebInfo|Win32.ActiveCfg = RelWithDebInfo|Win32
		{C562858A-8D77-30E9-B8BB-4F52C66B1261}.RelWithDebInfo|Win32.Build.0 = RelWithDebInfo|Win32
		{C562858A-8D77-30E9-B8BB-4F52C66B1261}.RelWithDebInfo|x64.ActiveCfg = RelWithDebInfo|x64
		{C562858A-8D77-30E9-B8BB-4F52C66B1261}.RelWithDebInfo|x64.Build.0 = RelWithDebInfo|x64
		{C562858A-8D77-30E9-B8BB-4F52C66B1261}.RelWithDebInfo|x86.ActiveCfg = RelWithDebInfo|x64
		{12603FB6-4A49-323F-9F51-457324DA1622}.Debug|Win32.ActiveCfg = Debug|x64
		{12603FB6-4A49-323F-9F51-457324DA1622}.Debug|x64.ActiveCfg = Debug|x64
		{12603FB6-4A49-323F-9F51-457324DA1622}.Debug|x64.Build.0 = Debug|x64
		{12603FB6-4A49-323F-9F51-457324DA1622}.Debug|x86.ActiveCfg = Debug|x64
		{12603FB6-4A49-323F-9F51-457324DA1622}.MinSizeRel|Win32.ActiveCfg = MinSizeRel|x64
		{12603FB6-4A49-323F-9F51-457324DA1622}.MinSizeRel|x64.ActiveCfg = MinSizeRel|x64
		{12603FB6-4A49-323F-9F51-457324DA1622}.MinSizeRel|x64.Build.0 = MinSizeRel|x64
		{12603FB6-4A49-323F-9F51-457324DA1622}.MinSizeRel|x86.ActiveCfg = MinSizeRel|x64
		{12603FB6-4A49-323F-9F51-457324DA1622}.Release|Win32.ActiveCfg = Release|x64
		{12603FB6-4A49-323F-9F51-457324DA1622}.Release|x64.ActiveCfg = Release|x64
		{12603FB6-4A49-323F-9F51-457324DA1622}.Release|x64.Build.0 = Release|x64
		{12603FB6-4A49-323F-9F51-457324DA1622}.Release|x86.ActiveCfg = Release|x64
		{12603FB6-4A49-323F-9F51-457324DA1622}.RelWithDebInfo|Win32.ActiveCfg = RelWithDebInfo|x64
		{12603FB6-4A49-323F-9F51-457324DA1622}.RelWithDebInfo|x64.ActiveCfg = RelWithDebInfo|x64
		{12603FB6-4A49-323F-9F51-457324DA1622}.RelWithDebInfo|x64.Build.0 = RelWithDebInfo|x64
		{12603FB6-4A49-323F-9F51-457324DA1622}.RelWithDebInfo|x86.ActiveCfg = RelWithDebInfo|x64
		{3A4BE650-2BDC-3AA0-A704-20046870BA43}.Debug|Win32.ActiveCfg = Debug|x64
		{3A4BE650-2BDC-3AA0-A704-20046870BA43}.Debug|x64.ActiveCfg = Debug|x64
		{3A4BE650-2BDC-3AA0-A704-20046870BA43}.Debug|x64.Build.0 = Debug|x64
		{3A4BE650-2BDC-3AA0-A704-20046870BA43}.Debug|x86.ActiveCfg = Debug|x64
		{3A4BE650-2BDC-3AA0-A704-20046870BA43}.MinSizeRel|Win32.ActiveCfg = MinSizeRel|x64
		{3A4BE650-2BDC-3AA0-A704-20046870BA43}.MinSizeRel|x64.ActiveCfg = MinSizeRel|x64
		{3A4BE650-2BDC-3AA0-A704-20046870BA43}.MinSizeRel|x64.Build.0 = MinSizeRel|x64
		{3A4BE650-2BDC-3AA0-A704-20046870BA43}.MinSizeRel|x86.ActiveCfg = MinSizeRel|x64
		{3A4BE650-2BDC-3AA0-A704-20046870BA43}.Release|Win32.ActiveCfg = Release|x64
		{3A4BE650-2BDC-3AA0-A704-20046870BA43}.Release|x64.ActiveCfg = Release|x64
		{3A4BE650-2BDC-3AA0-A704-20046870BA43}.Release|x64.Build.0 = Release|x64
		{3A4BE650-2BDC-3AA0-A704-20046870BA43}.Release|x86.ActiveCfg = Release|x64
		{3A4BE650-2BDC-3AA0-A704-20046870BA43}.RelWithDebInfo|Win32.ActiveCfg = RelWithDebInfo|x64
		{3A4BE650-2BDC-3AA0-A704-20046870BA43}.RelWithDebInfo|x64.ActiveCfg = RelWithDebInfo|x64
		{3A4BE650-2BDC-3AA0-A704-20046870BA43}.RelWithDebInfo|x64.Build.0 = RelWithDebInfo|x64
		{3A4BE650-2BDC-3AA0-A704-20046870BA43}.RelWithDebInfo|x86.ActiveCfg = RelWithDebInfo|x64
		{69DDADC0-97F4-419E-86EB-C91781A0D2E0}.Debug|Win32.ActiveCfg = Debug|Win32
		{69DDADC0-97F4-419E-86EB-C91781A0D2E0}.Debug|Win32.Build.0 = Debug|Win32
		{69DDADC0-97F4-419E-86EB-C91781A0D2E0}.Debug|x64.ActiveCfg = Debug|x64
		{69DDADC0-97F4-419E-86EB-C91781A0D2E0}.Debug|x64.Build.0 = Debug|x64
		{69DDADC0-97F4-419E-86EB-C91781A0D2E0}.Debug|x86.ActiveCfg = Debug|Win32
		{69DDADC0-97F4-419E-86EB-C91781A0D2E0}.Debug|x86.Build.0 = Debug|Win32
		{69DDADC0-97F4-419E-86EB-C91781A0D2E0}.MinSizeRel|Win32.ActiveCfg = Debug|Win32
		{69DDADC0-97F4-419E-86EB-C91781A0D2E0}.MinSizeRel|Win32.Build.0 = Debug|Win32
		{69DDADC0-97F4-419E-86EB-C91781A0D2E0}.MinSizeRel|x64.ActiveCfg = Debug|x64
		{69DDADC0-97F4-419E-86EB-C91781A0D2E0}.MinSizeRel|x64.Build.0 = Debug|x64
		{69DDADC0-97F4-419E-86EB-C91781A0D2E0}.MinSizeRel|x86.ActiveCfg = Debug|Win32
		{69DDADC0-97F4-419E-86EB-C91781A0D2E0}.MinSizeRel|x86.Build.0 = Debug|Win32
		{69DDADC0-97F4-419E-86EB-C91781A0D2E0}.Release|Win32.ActiveCfg = Release|Win32
		{69DDADC0-97F4-419E-86EB-C91781A0D2E0}.Release|Win32.Build.0 = Release|Win32
		{69DDADC0-97F4-419E-86EB-C91781A0D2E0}.Release|x64.ActiveCfg = Release|x64
		{69DDADC0-97F4-419E-86EB-C91781A0D2E0}.Release|x64.Build.0 = Release|x64
		{69DDADC0-97F4-419E-86EB-C91781A0D2E0}.Release|x86.ActiveCfg = Release|Win32
		{69DDADC0-97F4-419E-86EB-C91781A0D2E0}.Release|x86.Build.0 = Release|Win32
		{69DDADC0-97F4-419E-86EB-C91781A0D2E0}.RelWithDebInfo|Win32.ActiveCfg = Release|Win32
		{69DDADC0-97F4-419E-86EB-C91781A0D2E0}.RelWithDebInfo|Win32.Build.0 = Release|Win32
		{69DDADC0-97F4-419E-86EB-C91781A0D2E0}.RelWithDebInfo|x64.ActiveCfg = Release|x64
		{69DDADC0-97F4-419E-86EB-C91781A0D2E0}.RelWithDebInfo|x64.Build.0 = Release|x64
		{69DDADC0-97F4-419E-86EB-C91781A0D2E0}.RelWithDebInfo|x86.ActiveCfg = Release|Win32
		{69DDADC0-97F4-419E-86EB-C91781A0D2E0}.RelWithDebInfo|x86.Build.0 = Release|Win32
		{00844D78-4019-306A-B337-D6F6707ADF4B}.Debug|Win32.ActiveCfg = Debug|x64
		{00844D78-4019-306A-B337-D6F6707ADF4B}.Debug|x64.ActiveCfg = Debug|x64
		{00844D78-4019-306A-B337-D6F6707ADF4B}.Debug|x64.Build.0 = Debug|x64
		{00844D78-4019-306A-B337-D6F6707ADF4B}.Debug|x86.ActiveCfg = Debug|x64
		{00844D78-4019-306A-B337-D6F6707ADF4B}.MinSizeRel|Win32.ActiveCfg = MinSizeRel|x64
		{00844D78-4019-306A-B337-D6F6707ADF4B}.MinSizeRel|x64.ActiveCfg = MinSizeRel|x64
		{00844D78-4019-306A-B337-D6F6707ADF4B}.MinSizeRel|x64.Build.0 = MinSizeRel|x64
		{00844D78-4019-306A-B337-D6F6707ADF4B}.MinSizeRel|x86.ActiveCfg = MinSizeRel|x64
		{00844D78-4019-306A-B337-D6F6707ADF4B}.Release|Win32.ActiveCfg = Release|Win32
		{00844D78-4019-306A-B337-D6F6707ADF4B}.Release|x64.ActiveCfg = Release|x64
		{00844D78-4019-306A-B337-D6F6707ADF4B}.Release|x64.Build.0 = Release|x64
		{00844D78-4019-306A-B337-D6F6707ADF4B}.Release|x86.ActiveCfg = Release|x64
		{00844D78-4019-306A-B337-D6F6707ADF4B}.RelWithDebInfo|Win32.ActiveCfg = RelWithDebInfo|x64
		{00844D78-4019-306A-B337-D6F6707ADF4B}.RelWithDebInfo|x64.ActiveCfg = RelWithDebInfo|x64
		{00844D78-4019-306A-B337-D6F6707ADF4B}.RelWithDebInfo|x64.Build.0 = RelWithDebInfo|x64
		{00844D78-4019-306A-B337-D6F6707ADF4B}.RelWithDebInfo|x86.ActiveCfg = RelWithDebInfo|x64
	EndGlobalSection
	GlobalSection(SolutionProperties) = preSolution
		HideSolutionNode = FALSE
	EndGlobalSection
	GlobalSection(NestedProjects) = preSolution
		{D867F9B6-59F7-3022-86CB-6E814370843C} = {A2AF4803-6FF9-4040-9E99-7FB6378327FC}
		{C562858A-8D77-30E9-B8BB-4F52C66B1261} = {A2AF4803-6FF9-4040-9E99-7FB6378327FC}
		{12603FB6-4A49-323F-9F51-457324DA1622} = {A2AF4803-6FF9-4040-9E99-7FB6378327FC}
		{3A4BE650-2BDC-3AA0-A704-20046870BA43} = {A2AF4803-6FF9-4040-9E99-7FB6378327FC}
		{69DDADC0-97F4-419E-86EB-C91781A0D2E0} = {6954591E-EAFC-4264-B830-5D04FD1A943C}
		{00844D78-4019-306A-B337-D6F6707ADF4B} = {A2AF4803-6FF9-4040-9E99-7FB6378327FC}
	EndGlobalSection
	GlobalSection(ExtensibilityGlobals) = postSolution
		SolutionGuid = {17A0F7E4-C7B4-4909-BC10-140F043FFCE9}
	EndGlobalSection
EndGlobal
