<?xml version="1.0" encoding="utf-8"?>
<Project ToolsVersion="16.0" xmlns="http://schemas.microsoft.com/developer/msbuild/2003">
  <ItemGroup>
    <CustomBuild Include="D:\repos\C-DRIVE\Aura-SE\binary\client\build\CMakeFiles\6f2555eb18ec78cb5b231dae89e52d35\INSTALL_force.rule">
      <Filter>CMake Rules</Filter>
    </CustomBuild>
  </ItemGroup>
  <ItemGroup>
    <Filter Include="CMake Rules">
      <UniqueIdentifier>{33BB6FE2-3D47-33CB-8667-AE9E57CCE19B}</UniqueIdentifier>
    </Filter>
  </ItemGroup>
</Project>
